
Microsoft Visual Studio Solution File, Format Version 12.00
# Visual Studio Version 17
VisualStudioVersion = 17.1.32228.430
MinimumVisualStudioVersion = 10.0.40219.1
Project("{FAE04EC0-301F-11D3-BF4B-00C04F79EFBC}") = "ConsoleApp1", "ConsoleApp1\ConsoleApp1.csproj", "{90ABF8D9-0F32-4BAA-83B2-900F575EABEF}"
EndProject
Global
	GlobalSection(SolutionConfigurationPlatforms) = preSolution
		Debug|Any CPU = Debug|Any CPU
		Release|Any CPU = Release|Any CPU
	EndGlobalSection
	GlobalSection(ProjectConfigurationPlatforms) = postSolution
		{90ABF8D9-0F32-4BAA-83B2-900F575EABEF}.Debug|Any CPU.ActiveCfg = Debug|Any CPU
		{90ABF8D9-0F32-4BAA-83B2-900F575EABEF}.Debug|Any CPU.Build.0 = Debug|Any CPU
		{90ABF8D9-0F32-4BAA-83B2-900F575EABEF}.Release|Any CPU.ActiveCfg = Release|Any CPU
		{90ABF8D9-0F32-4BAA-83B2-900F575EABEF}.Release|Any CPU.Build.0 = Release|Any CPU
	EndGlobalSection
	GlobalSection(SolutionProperties) = preSolution
		HideSolutionNode = FALSE
	EndGlobalSection
	GlobalSection(ExtensibilityGlobals) = postSolution
		SolutionGuid = {22DF0A6A-F033-45A2-81CA-4A00F5B1F8C8}
	EndGlobalSection
EndGlobal
